
Microsoft Visual Studio Solution File, Format Version 12.00
# Visual Studio Version 17
VisualStudioVersion = 17.14.36127.28
MinimumVisualStudioVersion = 10.0.40219.1
Project("{FAE04EC0-301F-11D3-BF4B-00C04F79EFBC}") = "MISA.SaleOrder.Api", "MISA.SaleOrder.Api\MISA.SaleOrder.Api.csproj", "{28C49CD4-2B0E-4ECB-BFC4-C1561C62E2C9}"
EndProject
Project("{FAE04EC0-301F-11D3-BF4B-00C04F79EFBC}") = "MISA.Library", "MISA.Library\MISA.Library.csproj", "{5D97DE07-3F76-4094-9568-553B173F5BF2}"
EndProject
Project("{FAE04EC0-301F-11D3-BF4B-00C04F79EFBC}") = "MISA.Core", "MISA.Core\MISA.Core.csproj", "{44F6FEC7-85FE-4CBD-B70F-D57770E886FB}"
EndProject
Project("{FAE04EC0-301F-11D3-BF4B-00C04F79EFBC}") = "MISA.Infrastructure", "MISA.Infrastructure\MISA.Infrastructure.csproj", "{57A50C14-9660-4548-B99F-F723495ED2C4}"
EndProject
Global
	GlobalSection(SolutionConfigurationPlatforms) = preSolution
		Debug|Any CPU = Debug|Any CPU
		Release|Any CPU = Release|Any CPU
	EndGlobalSection
	GlobalSection(ProjectConfigurationPlatforms) = postSolution
		{28C49CD4-2B0E-4ECB-BFC4-C1561C62E2C9}.Debug|Any CPU.ActiveCfg = Debug|Any CPU
		{28C49CD4-2B0E-4ECB-BFC4-C1561C62E2C9}.Debug|Any CPU.Build.0 = Debug|Any CPU
		{28C49CD4-2B0E-4ECB-BFC4-C1561C62E2C9}.Release|Any CPU.ActiveCfg = Release|Any CPU
		{28C49CD4-2B0E-4ECB-BFC4-C1561C62E2C9}.Release|Any CPU.Build.0 = Release|Any CPU
		{5D97DE07-3F76-4094-9568-553B173F5BF2}.Debug|Any CPU.ActiveCfg = Debug|Any CPU
		{5D97DE07-3F76-4094-9568-553B173F5BF2}.Debug|Any CPU.Build.0 = Debug|Any CPU
		{5D97DE07-3F76-4094-9568-553B173F5BF2}.Release|Any CPU.ActiveCfg = Release|Any CPU
		{5D97DE07-3F76-4094-9568-553B173F5BF2}.Release|Any CPU.Build.0 = Release|Any CPU
		{44F6FEC7-85FE-4CBD-B70F-D57770E886FB}.Debug|Any CPU.ActiveCfg = Debug|Any CPU
		{44F6FEC7-85FE-4CBD-B70F-D57770E886FB}.Debug|Any CPU.Build.0 = Debug|Any CPU
		{44F6FEC7-85FE-4CBD-B70F-D57770E886FB}.Release|Any CPU.ActiveCfg = Release|Any CPU
		{44F6FEC7-85FE-4CBD-B70F-D57770E886FB}.Release|Any CPU.Build.0 = Release|Any CPU
		{57A50C14-9660-4548-B99F-F723495ED2C4}.Debug|Any CPU.ActiveCfg = Debug|Any CPU
		{57A50C14-9660-4548-B99F-F723495ED2C4}.Debug|Any CPU.Build.0 = Debug|Any CPU
		{57A50C14-9660-4548-B99F-F723495ED2C4}.Release|Any CPU.ActiveCfg = Release|Any CPU
		{57A50C14-9660-4548-B99F-F723495ED2C4}.Release|Any CPU.Build.0 = Release|Any CPU
	EndGlobalSection
	GlobalSection(SolutionProperties) = preSolution
		HideSolutionNode = FALSE
	EndGlobalSection
	GlobalSection(ExtensibilityGlobals) = postSolution
		SolutionGuid = {BF55BD03-D9B2-46B6-BA98-2F8B7CA52AF4}
	EndGlobalSection
EndGlobal
